
Microsoft Visual Studio Solution File, Format Version 12.00
# Visual Studio Version 17
VisualStudioVersion = 17.5.002.0
MinimumVisualStudioVersion = 10.0.40219.1
Project("{9A19103F-16F7-4668-BE54-9A1E7A4F7556}") = "EventService", "EventService.csproj", "{235773FF-CA90-4C0D-9F15-BC2BE22C0B6F}"
EndProject
Global
	GlobalSection(SolutionConfigurationPlatforms) = preSolution
		Debug|Any CPU = Debug|Any CPU
		Release|Any CPU = Release|Any CPU
	EndGlobalSection
	GlobalSection(ProjectConfigurationPlatforms) = postSolution
		{235773FF-CA90-4C0D-9F15-BC2BE22C0B6F}.Debug|Any CPU.ActiveCfg = Debug|Any CPU
		{235773FF-CA90-4C0D-9F15-BC2BE22C0B6F}.Debug|Any CPU.Build.0 = Debug|Any CPU
		{235773FF-CA90-4C0D-9F15-BC2BE22C0B6F}.Release|Any CPU.ActiveCfg = Release|Any CPU
		{235773FF-CA90-4C0D-9F15-BC2BE22C0B6F}.Release|Any CPU.Build.0 = Release|Any CPU
	EndGlobalSection
	GlobalSection(SolutionProperties) = preSolution
		HideSolutionNode = FALSE
	EndGlobalSection
	GlobalSection(ExtensibilityGlobals) = postSolution
		SolutionGuid = {89FD6595-E6C0-4118-B4D7-4A3A5E2ECFE0}
	EndGlobalSection
EndGlobal
